// !$*UTF8*$!
{
	archiveVersion = 1;
	classes = {
	};
	objectVersion = 46;
	objects = {

/* Begin PBXBuildFile section */
		C32242D01F7815DB003C8470 /* CareerTableViewCell.swift in Sources */ = {isa = PBXBuildFile; fileRef = C32242CE1F7815DB003C8470 /* CareerTableViewCell.swift */; };
		C32242D11F7815DB003C8470 /* CareerTableViewCell.xib in Resources */ = {isa = PBXBuildFile; fileRef = C32242CF1F7815DB003C8470 /* CareerTableViewCell.xib */; };
		C32242D41F781AE4003C8470 /* EducationTableViewCell.swift in Sources */ = {isa = PBXBuildFile; fileRef = C32242D21F781AE4003C8470 /* EducationTableViewCell.swift */; };
		C32242D51F781AE4003C8470 /* EducationTableViewCell.xib in Resources */ = {isa = PBXBuildFile; fileRef = C32242D31F781AE4003C8470 /* EducationTableViewCell.xib */; };
		C32242D81F781D44003C8470 /* InterestsTableViewCell.swift in Sources */ = {isa = PBXBuildFile; fileRef = C32242D61F781D44003C8470 /* InterestsTableViewCell.swift */; };
		C32242D91F781D44003C8470 /* InterestsTableViewCell.xib in Resources */ = {isa = PBXBuildFile; fileRef = C32242D71F781D44003C8470 /* InterestsTableViewCell.xib */; };
		C34BEC9A1F828B9200B8A6CA /* NotesViewController.swift in Sources */ = {isa = PBXBuildFile; fileRef = C34BEC991F828B9100B8A6CA /* NotesViewController.swift */; };
		C3729EC31F77A5F4004ED667 /* Users Information structures.swift in Sources */ = {isa = PBXBuildFile; fileRef = C3729EC21F77A5F4004ED667 /* Users Information structures.swift */; };
		C3729EC51F77AF0D004ED667 /* StatusCustomTableViewCell.xib in Resources */ = {isa = PBXBuildFile; fileRef = C3729EC41F77AF0D004ED667 /* StatusCustomTableViewCell.xib */; };
		C3729EC71F77B010004ED667 /* StatusTableViewCell.swift in Sources */ = {isa = PBXBuildFile; fileRef = C3729EC61F77B010004ED667 /* StatusTableViewCell.swift */; };
		C3729EC91F77B44A004ED667 /* CustomCellForMainInformation.xib in Resources */ = {isa = PBXBuildFile; fileRef = C3729EC81F77B44A004ED667 /* CustomCellForMainInformation.xib */; };
		C3729ECB1F77B4C0004ED667 /* MainInformationTableViewCell.swift in Sources */ = {isa = PBXBuildFile; fileRef = C3729ECA1F77B4C0004ED667 /* MainInformationTableViewCell.swift */; };
		C3729ECD1F77BF1E004ED667 /* ContactsCell.xib in Resources */ = {isa = PBXBuildFile; fileRef = C3729ECC1F77BF1E004ED667 /* ContactsCell.xib */; };
		C3729ECF1F77BF83004ED667 /* ContactsTableViewCell.swift in Sources */ = {isa = PBXBuildFile; fileRef = C3729ECE1F77BF83004ED667 /* ContactsTableViewCell.swift */; };
		C3729ED11F77D24D004ED667 /* CustomHeaderCell.xib in Resources */ = {isa = PBXBuildFile; fileRef = C3729ED01F77D24D004ED667 /* CustomHeaderCell.xib */; };
		C3729ED31F77D297004ED667 /* CustomHeaderTableViewCell.swift in Sources */ = {isa = PBXBuildFile; fileRef = C3729ED21F77D297004ED667 /* CustomHeaderTableViewCell.swift */; };
		C3729ED61F77D51F004ED667 /* GiftsTableViewCell.swift in Sources */ = {isa = PBXBuildFile; fileRef = C3729ED41F77D51F004ED667 /* GiftsTableViewCell.swift */; };
		C3729ED71F77D51F004ED667 /* GiftsTableViewCell.xib in Resources */ = {isa = PBXBuildFile; fileRef = C3729ED51F77D51F004ED667 /* GiftsTableViewCell.xib */; };
		C375313F1F75ACBD00D3AE0D /* ProfileTableViewController.swift in Sources */ = {isa = PBXBuildFile; fileRef = C375313E1F75ACBD00D3AE0D /* ProfileTableViewController.swift */; };
		C37889D01F66D53C001572B6 /* AppDelegate.swift in Sources */ = {isa = PBXBuildFile; fileRef = C37889CF1F66D53C001572B6 /* AppDelegate.swift */; };
		C37889D21F66D53C001572B6 /* ViewController.swift in Sources */ = {isa = PBXBuildFile; fileRef = C37889D11F66D53C001572B6 /* ViewController.swift */; };
		C37889D51F66D53C001572B6 /* Main.storyboard in Resources */ = {isa = PBXBuildFile; fileRef = C37889D31F66D53C001572B6 /* Main.storyboard */; };
		C37889D71F66D53C001572B6 /* Assets.xcassets in Resources */ = {isa = PBXBuildFile; fileRef = C37889D61F66D53C001572B6 /* Assets.xcassets */; };
		C37889DA1F66D53C001572B6 /* LaunchScreen.storyboard in Resources */ = {isa = PBXBuildFile; fileRef = C37889D81F66D53C001572B6 /* LaunchScreen.storyboard */; };
		C37889E51F66D53C001572B6 /* VKTests.swift in Sources */ = {isa = PBXBuildFile; fileRef = C37889E41F66D53C001572B6 /* VKTests.swift */; };
		C37889F01F66D53D001572B6 /* VKUITests.swift in Sources */ = {isa = PBXBuildFile; fileRef = C37889EF1F66D53D001572B6 /* VKUITests.swift */; };
		C3C256191F7010BA00DC43E4 /* FollowersTableViewController.swift in Sources */ = {isa = PBXBuildFile; fileRef = C3C256181F7010BA00DC43E4 /* FollowersTableViewController.swift */; };
		C3C2561B1F70152D00DC43E4 /* CustomFollowersTableViewCell.xib in Resources */ = {isa = PBXBuildFile; fileRef = C3C2561A1F70152D00DC43E4 /* CustomFollowersTableViewCell.xib */; };
		C3C2561D1F70167900DC43E4 /* CustomFollowersTableViewCell.swift in Sources */ = {isa = PBXBuildFile; fileRef = C3C2561C1F70167900DC43E4 /* CustomFollowersTableViewCell.swift */; };
		C3C2561F1F70173500DC43E4 /* Users base.swift in Sources */ = {isa = PBXBuildFile; fileRef = C3C2561E1F70173500DC43E4 /* Users base.swift */; };
/* End PBXBuildFile section */

/* Begin PBXContainerItemProxy section */
		C37889E11F66D53C001572B6 /* PBXContainerItemProxy */ = {
			isa = PBXContainerItemProxy;
			containerPortal = C37889C41F66D53C001572B6 /* Project object */;
			proxyType = 1;
			remoteGlobalIDString = C37889CB1F66D53C001572B6;
			remoteInfo = VK;
		};
		C37889EC1F66D53C001572B6 /* PBXContainerItemProxy */ = {
			isa = PBXContainerItemProxy;
			containerPortal = C37889C41F66D53C001572B6 /* Project object */;
			proxyType = 1;
			remoteGlobalIDString = C37889CB1F66D53C001572B6;
			remoteInfo = VK;
		};
/* End PBXContainerItemProxy section */

/* Begin PBXFileReference section */
		C32242CE1F7815DB003C8470 /* CareerTableViewCell.swift */ = {isa = PBXFileReference; fileEncoding = 4; lastKnownFileType = sourcecode.swift; path = CareerTableViewCell.swift; sourceTree = "<group>"; };
		C32242CF1F7815DB003C8470 /* CareerTableViewCell.xib */ = {isa = PBXFileReference; fileEncoding = 4; lastKnownFileType = file.xib; name = CareerTableViewCell.xib; path = ../CareerTableViewCell.xib; sourceTree = "<group>"; };
		C32242D21F781AE4003C8470 /* EducationTableViewCell.swift */ = {isa = PBXFileReference; fileEncoding = 4; lastKnownFileType = sourcecode.swift; name = EducationTableViewCell.swift; path = VK/EducationTableViewCell.swift; sourceTree = "<group>"; };
		C32242D31F781AE4003C8470 /* EducationTableViewCell.xib */ = {isa = PBXFileReference; fileEncoding = 4; lastKnownFileType = file.xib; path = EducationTableViewCell.xib; sourceTree = "<group>"; };
		C32242D61F781D44003C8470 /* InterestsTableViewCell.swift */ = {isa = PBXFileReference; fileEncoding = 4; lastKnownFileType = sourcecode.swift; name = InterestsTableViewCell.swift; path = VK/InterestsTableViewCell.swift; sourceTree = "<group>"; };
		C32242D71F781D44003C8470 /* InterestsTableViewCell.xib */ = {isa = PBXFileReference; fileEncoding = 4; lastKnownFileType = file.xib; path = InterestsTableViewCell.xib; sourceTree = "<group>"; };
		C34BEC991F828B9100B8A6CA /* NotesViewController.swift */ = {isa = PBXFileReference; fileEncoding = 4; lastKnownFileType = sourcecode.swift; path = NotesViewController.swift; sourceTree = "<group>"; };
		C3729EC21F77A5F4004ED667 /* Users Information structures.swift */ = {isa = PBXFileReference; fileEncoding = 4; lastKnownFileType = sourcecode.swift; path = "Users Information structures.swift"; sourceTree = "<group>"; };
		C3729EC41F77AF0D004ED667 /* StatusCustomTableViewCell.xib */ = {isa = PBXFileReference; fileEncoding = 4; lastKnownFileType = file.xib; path = StatusCustomTableViewCell.xib; sourceTree = "<group>"; };
		C3729EC61F77B010004ED667 /* StatusTableViewCell.swift */ = {isa = PBXFileReference; fileEncoding = 4; lastKnownFileType = sourcecode.swift; name = StatusTableViewCell.swift; path = VK/StatusTableViewCell.swift; sourceTree = "<group>"; };
		C3729EC81F77B44A004ED667 /* CustomCellForMainInformation.xib */ = {isa = PBXFileReference; fileEncoding = 4; lastKnownFileType = file.xib; name = CustomCellForMainInformation.xib; path = ../CustomCellForMainInformation.xib; sourceTree = "<group>"; };
		C3729ECA1F77B4C0004ED667 /* MainInformationTableViewCell.swift */ = {isa = PBXFileReference; fileEncoding = 4; lastKnownFileType = sourcecode.swift; name = MainInformationTableViewCell.swift; path = VK/MainInformationTableViewCell.swift; sourceTree = "<group>"; };
		C3729ECC1F77BF1E004ED667 /* ContactsCell.xib */ = {isa = PBXFileReference; fileEncoding = 4; lastKnownFileType = file.xib; path = ContactsCell.xib; sourceTree = "<group>"; };
		C3729ECE1F77BF83004ED667 /* ContactsTableViewCell.swift */ = {isa = PBXFileReference; fileEncoding = 4; lastKnownFileType = sourcecode.swift; name = ContactsTableViewCell.swift; path = VK/ContactsTableViewCell.swift; sourceTree = "<group>"; };
		C3729ED01F77D24D004ED667 /* CustomHeaderCell.xib */ = {isa = PBXFileReference; fileEncoding = 4; lastKnownFileType = file.xib; path = CustomHeaderCell.xib; sourceTree = "<group>"; };
		C3729ED21F77D297004ED667 /* CustomHeaderTableViewCell.swift */ = {isa = PBXFileReference; fileEncoding = 4; lastKnownFileType = sourcecode.swift; name = CustomHeaderTableViewCell.swift; path = VK/CustomHeaderTableViewCell.swift; sourceTree = "<group>"; };
		C3729ED41F77D51F004ED667 /* GiftsTableViewCell.swift */ = {isa = PBXFileReference; fileEncoding = 4; lastKnownFileType = sourcecode.swift; name = GiftsTableViewCell.swift; path = VK/GiftsTableViewCell.swift; sourceTree = "<group>"; };
		C3729ED51F77D51F004ED667 /* GiftsTableViewCell.xib */ = {isa = PBXFileReference; fileEncoding = 4; lastKnownFileType = file.xib; path = GiftsTableViewCell.xib; sourceTree = "<group>"; };
		C375313E1F75ACBD00D3AE0D /* ProfileTableViewController.swift */ = {isa = PBXFileReference; fileEncoding = 4; lastKnownFileType = sourcecode.swift; path = ProfileTableViewController.swift; sourceTree = "<group>"; };
		C37889CC1F66D53C001572B6 /* VK.app */ = {isa = PBXFileReference; explicitFileType = wrapper.application; includeInIndex = 0; path = VK.app; sourceTree = BUILT_PRODUCTS_DIR; };
		C37889CF1F66D53C001572B6 /* AppDelegate.swift */ = {isa = PBXFileReference; lastKnownFileType = sourcecode.swift; path = AppDelegate.swift; sourceTree = "<group>"; };
		C37889D11F66D53C001572B6 /* ViewController.swift */ = {isa = PBXFileReference; lastKnownFileType = sourcecode.swift; path = ViewController.swift; sourceTree = "<group>"; };
		C37889D41F66D53C001572B6 /* Base */ = {isa = PBXFileReference; lastKnownFileType = file.storyboard; name = Base; path = Base.lproj/Main.storyboard; sourceTree = "<group>"; };
		C37889D61F66D53C001572B6 /* Assets.xcassets */ = {isa = PBXFileReference; lastKnownFileType = folder.assetcatalog; path = Assets.xcassets; sourceTree = "<group>"; };
		C37889D91F66D53C001572B6 /* Base */ = {isa = PBXFileReference; lastKnownFileType = file.storyboard; name = Base; path = Base.lproj/LaunchScreen.storyboard; sourceTree = "<group>"; };
		C37889DB1F66D53C001572B6 /* Info.plist */ = {isa = PBXFileReference; lastKnownFileType = text.plist.xml; path = Info.plist; sourceTree = "<group>"; };
		C37889E01F66D53C001572B6 /* VKTests.xctest */ = {isa = PBXFileReference; explicitFileType = wrapper.cfbundle; includeInIndex = 0; path = VKTests.xctest; sourceTree = BUILT_PRODUCTS_DIR; };
		C37889E41F66D53C001572B6 /* VKTests.swift */ = {isa = PBXFileReference; lastKnownFileType = sourcecode.swift; path = VKTests.swift; sourceTree = "<group>"; };
		C37889E61F66D53C001572B6 /* Info.plist */ = {isa = PBXFileReference; lastKnownFileType = text.plist.xml; path = Info.plist; sourceTree = "<group>"; };
		C37889EB1F66D53C001572B6 /* VKUITests.xctest */ = {isa = PBXFileReference; explicitFileType = wrapper.cfbundle; includeInIndex = 0; path = VKUITests.xctest; sourceTree = BUILT_PRODUCTS_DIR; };
		C37889EF1F66D53D001572B6 /* VKUITests.swift */ = {isa = PBXFileReference; lastKnownFileType = sourcecode.swift; path = VKUITests.swift; sourceTree = "<group>"; };
		C37889F11F66D53D001572B6 /* Info.plist */ = {isa = PBXFileReference; lastKnownFileType = text.plist.xml; path = Info.plist; sourceTree = "<group>"; };
		C3C256181F7010BA00DC43E4 /* FollowersTableViewController.swift */ = {isa = PBXFileReference; fileEncoding = 4; lastKnownFileType = sourcecode.swift; path = FollowersTableViewController.swift; sourceTree = "<group>"; };
		C3C2561A1F70152D00DC43E4 /* CustomFollowersTableViewCell.xib */ = {isa = PBXFileReference; fileEncoding = 4; lastKnownFileType = file.xib; path = CustomFollowersTableViewCell.xib; sourceTree = "<group>"; };
		C3C2561C1F70167900DC43E4 /* CustomFollowersTableViewCell.swift */ = {isa = PBXFileReference; fileEncoding = 4; lastKnownFileType = sourcecode.swift; name = CustomFollowersTableViewCell.swift; path = VK/CustomFollowersTableViewCell.swift; sourceTree = "<group>"; };
		C3C2561E1F70173500DC43E4 /* Users base.swift */ = {isa = PBXFileReference; fileEncoding = 4; lastKnownFileType = sourcecode.swift; path = "Users base.swift"; sourceTree = "<group>"; };
/* End PBXFileReference section */

/* Begin PBXFrameworksBuildPhase section */
		C37889C91F66D53C001572B6 /* Frameworks */ = {
			isa = PBXFrameworksBuildPhase;
			buildActionMask = 2147483647;
			files = (
			);
			runOnlyForDeploymentPostprocessing = 0;
		};
		C37889DD1F66D53C001572B6 /* Frameworks */ = {
			isa = PBXFrameworksBuildPhase;
			buildActionMask = 2147483647;
			files = (
			);
			runOnlyForDeploymentPostprocessing = 0;
		};
		C37889E81F66D53C001572B6 /* Frameworks */ = {
			isa = PBXFrameworksBuildPhase;
			buildActionMask = 2147483647;
			files = (
			);
			runOnlyForDeploymentPostprocessing = 0;
		};
/* End PBXFrameworksBuildPhase section */

/* Begin PBXGroup section */
		C32242DB1F783524003C8470 /* TableView cells classes */ = {
			isa = PBXGroup;
			children = (
				C3729ED41F77D51F004ED667 /* GiftsTableViewCell.swift */,
				C3729ECA1F77B4C0004ED667 /* MainInformationTableViewCell.swift */,
				C32242D61F781D44003C8470 /* InterestsTableViewCell.swift */,
				C3729EC61F77B010004ED667 /* StatusTableViewCell.swift */,
				C3C2561C1F70167900DC43E4 /* CustomFollowersTableViewCell.swift */,
				C3729ECE1F77BF83004ED667 /* ContactsTableViewCell.swift */,
				C3729ED21F77D297004ED667 /* CustomHeaderTableViewCell.swift */,
				C32242D21F781AE4003C8470 /* EducationTableViewCell.swift */,
				C32242CE1F7815DB003C8470 /* CareerTableViewCell.swift */,
			);
			name = "TableView cells classes";
			path = ..;
			sourceTree = "<group>";
		};
		C32242DC1F78359D003C8470 /* XIB cells */ = {
			isa = PBXGroup;
			children = (
				C3729EC41F77AF0D004ED667 /* StatusCustomTableViewCell.xib */,
				C3729EC81F77B44A004ED667 /* CustomCellForMainInformation.xib */,
				C3729ED51F77D51F004ED667 /* GiftsTableViewCell.xib */,
				C3729ED01F77D24D004ED667 /* CustomHeaderCell.xib */,
				C3729ECC1F77BF1E004ED667 /* ContactsCell.xib */,
				C32242D71F781D44003C8470 /* InterestsTableViewCell.xib */,
				C32242D31F781AE4003C8470 /* EducationTableViewCell.xib */,
				C3C2561A1F70152D00DC43E4 /* CustomFollowersTableViewCell.xib */,
				C32242CF1F7815DB003C8470 /* CareerTableViewCell.xib */,
			);
			name = "XIB cells";
			sourceTree = "<group>";
		};
		C32242DD1F78363F003C8470 /* View Controllers */ = {
			isa = PBXGroup;
			children = (
				C3C256181F7010BA00DC43E4 /* FollowersTableViewController.swift */,
				C375313E1F75ACBD00D3AE0D /* ProfileTableViewController.swift */,
				C37889D11F66D53C001572B6 /* ViewController.swift */,
				C34BEC991F828B9100B8A6CA /* NotesViewController.swift */,
			);
			name = "View Controllers";
			sourceTree = "<group>";
		};
		C32242DE1F783695003C8470 /* Structers */ = {
			isa = PBXGroup;
			children = (
				C3729EC21F77A5F4004ED667 /* Users Information structures.swift */,
				C3C2561E1F70173500DC43E4 /* Users base.swift */,
			);
			name = Structers;
			sourceTree = "<group>";
		};
		C37889C31F66D53C001572B6 = {
			isa = PBXGroup;
			children = (
				C37889CE1F66D53C001572B6 /* VK */,
				C37889E31F66D53C001572B6 /* VKTests */,
				C37889EE1F66D53C001572B6 /* VKUITests */,
				C37889CD1F66D53C001572B6 /* Products */,
			);
			sourceTree = "<group>";
		};
		C37889CD1F66D53C001572B6 /* Products */ = {
			isa = PBXGroup;
			children = (
				C37889CC1F66D53C001572B6 /* VK.app */,
				C37889E01F66D53C001572B6 /* VKTests.xctest */,
				C37889EB1F66D53C001572B6 /* VKUITests.xctest */,
			);
			name = Products;
			sourceTree = "<group>";
		};
		C37889CE1F66D53C001572B6 /* VK */ = {
			isa = PBXGroup;
			children = (
				C32242DE1F783695003C8470 /* Structers */,
				C32242DD1F78363F003C8470 /* View Controllers */,
				C32242DC1F78359D003C8470 /* XIB cells */,
				C32242DB1F783524003C8470 /* TableView cells classes */,
				C37889CF1F66D53C001572B6 /* AppDelegate.swift */,
				C37889D31F66D53C001572B6 /* Main.storyboard */,
				C37889D61F66D53C001572B6 /* Assets.xcassets */,
				C37889D81F66D53C001572B6 /* LaunchScreen.storyboard */,
				C37889DB1F66D53C001572B6 /* Info.plist */,
			);
			path = VK;
			sourceTree = "<group>";
		};
		C37889E31F66D53C001572B6 /* VKTests */ = {
			isa = PBXGroup;
			children = (
				C37889E41F66D53C001572B6 /* VKTests.swift */,
				C37889E61F66D53C001572B6 /* Info.plist */,
			);
			path = VKTests;
			sourceTree = "<group>";
		};
		C37889EE1F66D53C001572B6 /* VKUITests */ = {
			isa = PBXGroup;
			children = (
				C37889EF1F66D53D001572B6 /* VKUITests.swift */,
				C37889F11F66D53D001572B6 /* Info.plist */,
			);
			path = VKUITests;
			sourceTree = "<group>";
		};
/* End PBXGroup section */

/* Begin PBXNativeTarget section */
		C37889CB1F66D53C001572B6 /* VK */ = {
			isa = PBXNativeTarget;
			buildConfigurationList = C37889F41F66D53D001572B6 /* Build configuration list for PBXNativeTarget "VK" */;
			buildPhases = (
				C37889C81F66D53C001572B6 /* Sources */,
				C37889C91F66D53C001572B6 /* Frameworks */,
				C37889CA1F66D53C001572B6 /* Resources */,
			);
			buildRules = (
			);
			dependencies = (
			);
			name = VK;
			productName = VK;
			productReference = C37889CC1F66D53C001572B6 /* VK.app */;
			productType = "com.apple.product-type.application";
		};
		C37889DF1F66D53C001572B6 /* VKTests */ = {
			isa = PBXNativeTarget;
			buildConfigurationList = C37889F71F66D53D001572B6 /* Build configuration list for PBXNativeTarget "VKTests" */;
			buildPhases = (
				C37889DC1F66D53C001572B6 /* Sources */,
				C37889DD1F66D53C001572B6 /* Frameworks */,
				C37889DE1F66D53C001572B6 /* Resources */,
			);
			buildRules = (
			);
			dependencies = (
				C37889E21F66D53C001572B6 /* PBXTargetDependency */,
			);
			name = VKTests;
			productName = VKTests;
			productReference = C37889E01F66D53C001572B6 /* VKTests.xctest */;
			productType = "com.apple.product-type.bundle.unit-test";
		};
		C37889EA1F66D53C001572B6 /* VKUITests */ = {
			isa = PBXNativeTarget;
			buildConfigurationList = C37889FA1F66D53D001572B6 /* Build configuration list for PBXNativeTarget "VKUITests" */;
			buildPhases = (
				C37889E71F66D53C001572B6 /* Sources */,
				C37889E81F66D53C001572B6 /* Frameworks */,
				C37889E91F66D53C001572B6 /* Resources */,
			);
			buildRules = (
			);
			dependencies = (
				C37889ED1F66D53C001572B6 /* PBXTargetDependency */,
			);
			name = VKUITests;
			productName = VKUITests;
			productReference = C37889EB1F66D53C001572B6 /* VKUITests.xctest */;
			productType = "com.apple.product-type.bundle.ui-testing";
		};
/* End PBXNativeTarget section */

/* Begin PBXProject section */
		C37889C41F66D53C001572B6 /* Project object */ = {
			isa = PBXProject;
			attributes = {
				LastSwiftUpdateCheck = 0830;
				LastUpgradeCheck = 0830;
				ORGANIZATIONNAME = Elina;
				TargetAttributes = {
					C37889CB1F66D53C001572B6 = {
						CreatedOnToolsVersion = 8.3.3;
						ProvisioningStyle = Automatic;
					};
					C37889DF1F66D53C001572B6 = {
						CreatedOnToolsVersion = 8.3.3;
						ProvisioningStyle = Automatic;
						TestTargetID = C37889CB1F66D53C001572B6;
					};
					C37889EA1F66D53C001572B6 = {
						CreatedOnToolsVersion = 8.3.3;
						ProvisioningStyle = Automatic;
						TestTargetID = C37889CB1F66D53C001572B6;
					};
				};
			};
			buildConfigurationList = C37889C71F66D53C001572B6 /* Build configuration list for PBXProject "VK" */;
			compatibilityVersion = "Xcode 3.2";
			developmentRegion = English;
			hasScannedForEncodings = 0;
			knownRegions = (
				en,
				Base,
			);
			mainGroup = C37889C31F66D53C001572B6;
			productRefGroup = C37889CD1F66D53C001572B6 /* Products */;
			projectDirPath = "";
			projectRoot = "";
			targets = (
				C37889CB1F66D53C001572B6 /* VK */,
				C37889DF1F66D53C001572B6 /* VKTests */,
				C37889EA1F66D53C001572B6 /* VKUITests */,
			);
		};
/* End PBXProject section */

/* Begin PBXResourcesBuildPhase section */
		C37889CA1F66D53C001572B6 /* Resources */ = {
			isa = PBXResourcesBuildPhase;
			buildActionMask = 2147483647;
			files = (
				C3729EC51F77AF0D004ED667 /* StatusCustomTableViewCell.xib in Resources */,
				C32242D51F781AE4003C8470 /* EducationTableViewCell.xib in Resources */,
				C3729ED11F77D24D004ED667 /* CustomHeaderCell.xib in Resources */,
				C37889DA1F66D53C001572B6 /* LaunchScreen.storyboard in Resources */,
				C37889D71F66D53C001572B6 /* Assets.xcassets in Resources */,
				C3C2561B1F70152D00DC43E4 /* CustomFollowersTableViewCell.xib in Resources */,
				C32242D11F7815DB003C8470 /* CareerTableViewCell.xib in Resources */,
				C3729EC91F77B44A004ED667 /* CustomCellForMainInformation.xib in Resources */,
				C37889D51F66D53C001572B6 /* Main.storyboard in Resources */,
				C3729ECD1F77BF1E004ED667 /* ContactsCell.xib in Resources */,
				C3729ED71F77D51F004ED667 /* GiftsTableViewCell.xib in Resources */,
				C32242D91F781D44003C8470 /* InterestsTableViewCell.xib in Resources */,
			);
			runOnlyForDeploymentPostprocessing = 0;
		};
		C37889DE1F66D53C001572B6 /* Resources */ = {
			isa = PBXResourcesBuildPhase;
			buildActionMask = 2147483647;
			files = (
			);
			runOnlyForDeploymentPostprocessing = 0;
		};
		C37889E91F66D53C001572B6 /* Resources */ = {
			isa = PBXResourcesBuildPhase;
			buildActionMask = 2147483647;
			files = (
			);
			runOnlyForDeploymentPostprocessing = 0;
		};
/* End PBXResourcesBuildPhase section */

/* Begin PBXSourcesBuildPhase section */
		C37889C81F66D53C001572B6 /* Sources */ = {
			isa = PBXSourcesBuildPhase;
			buildActionMask = 2147483647;
			files = (
				C375313F1F75ACBD00D3AE0D /* ProfileTableViewController.swift in Sources */,
				C37889D21F66D53C001572B6 /* ViewController.swift in Sources */,
				C3729ECF1F77BF83004ED667 /* ContactsTableViewCell.swift in Sources */,
				C32242D81F781D44003C8470 /* InterestsTableViewCell.swift in Sources */,
				C37889D01F66D53C001572B6 /* AppDelegate.swift in Sources */,
				C3729EC71F77B010004ED667 /* StatusTableViewCell.swift in Sources */,
				C3C2561D1F70167900DC43E4 /* CustomFollowersTableViewCell.swift in Sources */,
				C32242D01F7815DB003C8470 /* CareerTableViewCell.swift in Sources */,
				C3729EC31F77A5F4004ED667 /* Users Information structures.swift in Sources */,
				C32242D41F781AE4003C8470 /* EducationTableViewCell.swift in Sources */,
				C3729ED61F77D51F004ED667 /* GiftsTableViewCell.swift in Sources */,
				C3729ECB1F77B4C0004ED667 /* MainInformationTableViewCell.swift in Sources */,
				C34BEC9A1F828B9200B8A6CA /* NotesViewController.swift in Sources */,
				C3C2561F1F70173500DC43E4 /* Users base.swift in Sources */,
				C3C256191F7010BA00DC43E4 /* FollowersTableViewController.swift in Sources */,
				C3729ED31F77D297004ED667 /* CustomHeaderTableViewCell.swift in Sources */,
			);
			runOnlyForDeploymentPostprocessing = 0;
		};
		C37889DC1F66D53C001572B6 /* Sources */ = {
			isa = PBXSourcesBuildPhase;
			buildActionMask = 2147483647;
			files = (
				C37889E51F66D53C001572B6 /* VKTests.swift in Sources */,
			);
			runOnlyForDeploymentPostprocessing = 0;
		};
		C37889E71F66D53C001572B6 /* Sources */ = {
			isa = PBXSourcesBuildPhase;
			buildActionMask = 2147483647;
			files = (
				C37889F01F66D53D001572B6 /* VKUITests.swift in Sources */,
			);
			runOnlyForDeploymentPostprocessing = 0;
		};
/* End PBXSourcesBuildPhase section */

/* Begin PBXTargetDependency section */
		C37889E21F66D53C001572B6 /* PBXTargetDependency */ = {
			isa = PBXTargetDependency;
			target = C37889CB1F66D53C001572B6 /* VK */;
			targetProxy = C37889E11F66D53C001572B6 /* PBXContainerItemProxy */;
		};
		C37889ED1F66D53C001572B6 /* PBXTargetDependency */ = {
			isa = PBXTargetDependency;
			target = C37889CB1F66D53C001572B6 /* VK */;
			targetProxy = C37889EC1F66D53C001572B6 /* PBXContainerItemProxy */;
		};
/* End PBXTargetDependency section */

/* Begin PBXVariantGroup section */
		C37889D31F66D53C001572B6 /* Main.storyboard */ = {
			isa = PBXVariantGroup;
			children = (
				C37889D41F66D53C001572B6 /* Base */,
			);
			name = Main.storyboard;
			sourceTree = "<group>";
		};
		C37889D81F66D53C001572B6 /* LaunchScreen.storyboard */ = {
			isa = PBXVariantGroup;
			children = (
				C37889D91F66D53C001572B6 /* Base */,
			);
			name = LaunchScreen.storyboard;
			sourceTree = "<group>";
		};
/* End PBXVariantGroup section */

/* Begin XCBuildConfiguration section */
		C37889F21F66D53D001572B6 /* Debug */ = {
			isa = XCBuildConfiguration;
			buildSettings = {
				ALWAYS_SEARCH_USER_PATHS = NO;
				CLANG_ANALYZER_NONNULL = YES;
				CLANG_ANALYZER_NUMBER_OBJECT_CONVERSION = YES_AGGRESSIVE;
				CLANG_CXX_LANGUAGE_STANDARD = "gnu++0x";
				CLANG_CXX_LIBRARY = "libc++";
				CLANG_ENABLE_MODULES = YES;
				CLANG_ENABLE_OBJC_ARC = YES;
				CLANG_WARN_BOOL_CONVERSION = YES;
				CLANG_WARN_CONSTANT_CONVERSION = YES;
				CLANG_WARN_DIRECT_OBJC_ISA_USAGE = YES_ERROR;
				CLANG_WARN_DOCUMENTATION_COMMENTS = YES;
				CLANG_WARN_EMPTY_BODY = YES;
				CLANG_WARN_ENUM_CONVERSION = YES;
				CLANG_WARN_INFINITE_RECURSION = YES;
				CLANG_WARN_INT_CONVERSION = YES;
				CLANG_WARN_OBJC_ROOT_CLASS = YES_ERROR;
				CLANG_WARN_SUSPICIOUS_MOVE = YES;
				CLANG_WARN_UNREACHABLE_CODE = YES;
				CLANG_WARN__DUPLICATE_METHOD_MATCH = YES;
				"CODE_SIGN_IDENTITY[sdk=iphoneos*]" = "iPhone Developer";
				COPY_PHASE_STRIP = NO;
				DEBUG_INFORMATION_FORMAT = dwarf;
				ENABLE_STRICT_OBJC_MSGSEND = YES;
				ENABLE_TESTABILITY = YES;
				GCC_C_LANGUAGE_STANDARD = gnu99;
				GCC_DYNAMIC_NO_PIC = NO;
				GCC_NO_COMMON_BLOCKS = YES;
				GCC_OPTIMIZATION_LEVEL = 0;
				GCC_PREPROCESSOR_DEFINITIONS = (
					"DEBUG=1",
					"$(inherited)",
				);
				GCC_WARN_64_TO_32_BIT_CONVERSION = YES;
				GCC_WARN_ABOUT_RETURN_TYPE = YES_ERROR;
				GCC_WARN_UNDECLARED_SELECTOR = YES;
				GCC_WARN_UNINITIALIZED_AUTOS = YES_AGGRESSIVE;
				GCC_WARN_UNUSED_FUNCTION = YES;
				GCC_WARN_UNUSED_VARIABLE = YES;
				IPHONEOS_DEPLOYMENT_TARGET = 10.3;
				MTL_ENABLE_DEBUG_INFO = YES;
				ONLY_ACTIVE_ARCH = YES;
				SDKROOT = iphoneos;
				SWIFT_ACTIVE_COMPILATION_CONDITIONS = DEBUG;
				SWIFT_OPTIMIZATION_LEVEL = "-Onone";
			};
			name = Debug;
		};
		C37889F31F66D53D001572B6 /* Release */ = {
			isa = XCBuildConfiguration;
			buildSettings = {
				ALWAYS_SEARCH_USER_PATHS = NO;
				CLANG_ANALYZER_NONNULL = YES;
				CLANG_ANALYZER_NUMBER_OBJECT_CONVERSION = YES_AGGRESSIVE;
				CLANG_CXX_LANGUAGE_STANDARD = "gnu++0x";
				CLANG_CXX_LIBRARY = "libc++";
				CLANG_ENABLE_MODULES = YES;
				CLANG_ENABLE_OBJC_ARC = YES;
				CLANG_WARN_BOOL_CONVERSION = YES;
				CLANG_WARN_CONSTANT_CONVERSION = YES;
				CLANG_WARN_DIRECT_OBJC_ISA_USAGE = YES_ERROR;
				CLANG_WARN_DOCUMENTATION_COMMENTS = YES;
				CLANG_WARN_EMPTY_BODY = YES;
				CLANG_WARN_ENUM_CONVERSION = YES;
				CLANG_WARN_INFINITE_RECURSION = YES;
				CLANG_WARN_INT_CONVERSION = YES;
				CLANG_WARN_OBJC_ROOT_CLASS = YES_ERROR;
				CLANG_WARN_SUSPICIOUS_MOVE = YES;
				CLANG_WARN_UNREACHABLE_CODE = YES;
				CLANG_WARN__DUPLICATE_METHOD_MATCH = YES;
				"CODE_SIGN_IDENTITY[sdk=iphoneos*]" = "iPhone Developer";
				COPY_PHASE_STRIP = NO;
				DEBUG_INFORMATION_FORMAT = "dwarf-with-dsym";
				ENABLE_NS_ASSERTIONS = NO;
				ENABLE_STRICT_OBJC_MSGSEND = YES;
				GCC_C_LANGUAGE_STANDARD = gnu99;
				GCC_NO_COMMON_BLOCKS = YES;
				GCC_WARN_64_TO_32_BIT_CONVERSION = YES;
				GCC_WARN_ABOUT_RETURN_TYPE = YES_ERROR;
				GCC_WARN_UNDECLARED_SELECTOR = YES;
				GCC_WARN_UNINITIALIZED_AUTOS = YES_AGGRESSIVE;
				GCC_WARN_UNUSED_FUNCTION = YES;
				GCC_WARN_UNUSED_VARIABLE = YES;
				IPHONEOS_DEPLOYMENT_TARGET = 10.3;
				MTL_ENABLE_DEBUG_INFO = NO;
				SDKROOT = iphoneos;
				SWIFT_OPTIMIZATION_LEVEL = "-Owholemodule";
				VALIDATE_PRODUCT = YES;
			};
			name = Release;
		};
		C37889F51F66D53D001572B6 /* Debug */ = {
			isa = XCBuildConfiguration;
			buildSettings = {
				ASSETCATALOG_COMPILER_APPICON_NAME = AppIcon;
				INFOPLIST_FILE = VK/Info.plist;
				LD_RUNPATH_SEARCH_PATHS = "$(inherited) @executable_path/Frameworks";
				PRODUCT_BUNDLE_IDENTIFIER = Elina.VK;
				PRODUCT_NAME = "$(TARGET_NAME)";
				SWIFT_VERSION = 3.0;
			};
			name = Debug;
		};
		C37889F61F66D53D001572B6 /* Release */ = {
			isa = XCBuildConfiguration;
			buildSettings = {
				ASSETCATALOG_COMPILER_APPICON_NAME = AppIcon;
				INFOPLIST_FILE = VK/Info.plist;
				LD_RUNPATH_SEARCH_PATHS = "$(inherited) @executable_path/Frameworks";
				PRODUCT_BUNDLE_IDENTIFIER = Elina.VK;
				PRODUCT_NAME = "$(TARGET_NAME)";
				SWIFT_VERSION = 3.0;
			};
			name = Release;
		};
		C37889F81F66D53D001572B6 /* Debug */ = {
			isa = XCBuildConfiguration;
			buildSettings = {
				ALWAYS_EMBED_SWIFT_STANDARD_LIBRARIES = YES;
				BUNDLE_LOADER = "$(TEST_HOST)";
				INFOPLIST_FILE = VKTests/Info.plist;
				LD_RUNPATH_SEARCH_PATHS = "$(inherited) @executable_path/Frameworks @loader_path/Frameworks";
				PRODUCT_BUNDLE_IDENTIFIER = Elina.VKTests;
				PRODUCT_NAME = "$(TARGET_NAME)";
				SWIFT_VERSION = 3.0;
				TEST_HOST = "$(BUILT_PRODUCTS_DIR)/VK.app/VK";
			};
			name = Debug;
		};
		C37889F91F66D53D001572B6 /* Release */ = {
			isa = XCBuildConfiguration;
			buildSettings = {
				ALWAYS_EMBED_SWIFT_STANDARD_LIBRARIES = YES;
				BUNDLE_LOADER = "$(TEST_HOST)";
				INFOPLIST_FILE = VKTests/Info.plist;
				LD_RUNPATH_SEARCH_PATHS = "$(inherited) @executable_path/Frameworks @loader_path/Frameworks";
				PRODUCT_BUNDLE_IDENTIFIER = Elina.VKTests;
				PRODUCT_NAME = "$(TARGET_NAME)";
				SWIFT_VERSION = 3.0;
				TEST_HOST = "$(BUILT_PRODUCTS_DIR)/VK.app/VK";
			};
			name = Release;
		};
		C37889FB1F66D53D001572B6 /* Debug */ = {
			isa = XCBuildConfiguration;
			buildSettings = {
				ALWAYS_EMBED_SWIFT_STANDARD_LIBRARIES = YES;
				INFOPLIST_FILE = VKUITests/Info.plist;
				LD_RUNPATH_SEARCH_PATHS = "$(inherited) @executable_path/Frameworks @loader_path/Frameworks";
				PRODUCT_BUNDLE_IDENTIFIER = Elina.VKUITests;
				PRODUCT_NAME = "$(TARGET_NAME)";
				SWIFT_VERSION = 3.0;
				TEST_TARGET_NAME = VK;
			};
			name = Debug;
		};
		C37889FC1F66D53D001572B6 /* Release */ = {
			isa = XCBuildConfiguration;
			buildSettings = {
				ALWAYS_EMBED_SWIFT_STANDARD_LIBRARIES = YES;
				INFOPLIST_FILE = VKUITests/Info.plist;
				LD_RUNPATH_SEARCH_PATHS = "$(inherited) @executable_path/Frameworks @loader_path/Frameworks";
				PRODUCT_BUNDLE_IDENTIFIER = Elina.VKUITests;
				PRODUCT_NAME = "$(TARGET_NAME)";
				SWIFT_VERSION = 3.0;
				TEST_TARGET_NAME = VK;
			};
			name = Release;
		};
/* End XCBuildConfiguration section */

/* Begin XCConfigurationList section */
		C37889C71F66D53C001572B6 /* Build configuration list for PBXProject "VK" */ = {
			isa = XCConfigurationList;
			buildConfigurations = (
				C37889F21F66D53D001572B6 /* Debug */,
				C37889F31F66D53D001572B6 /* Release */,
			);
			defaultConfigurationIsVisible = 0;
			defaultConfigurationName = Release;
		};
		C37889F41F66D53D001572B6 /* Build configuration list for PBXNativeTarget "VK" */ = {
			isa = XCConfigurationList;
			buildConfigurations = (
				C37889F51F66D53D001572B6 /* Debug */,
				C37889F61F66D53D001572B6 /* Release */,
			);
			defaultConfigurationIsVisible = 0;
			defaultConfigurationName = Release;
		};
		C37889F71F66D53D001572B6 /* Build configuration list for PBXNativeTarget "VKTests" */ = {
			isa = XCConfigurationList;
			buildConfigurations = (
				C37889F81F66D53D001572B6 /* Debug */,
				C37889F91F66D53D001572B6 /* Release */,
			);
			defaultConfigurationIsVisible = 0;
			defaultConfigurationName = Release;
		};
		C37889FA1F66D53D001572B6 /* Build configuration list for PBXNativeTarget "VKUITests" */ = {
			isa = XCConfigurationList;
			buildConfigurations = (
				C37889FB1F66D53D001572B6 /* Debug */,
				C37889FC1F66D53D001572B6 /* Release */,
			);
			defaultConfigurationIsVisible = 0;
			defaultConfigurationName = Release;
		};
/* End XCConfigurationList section */
	};
	rootObject = C37889C41F66D53C001572B6 /* Project object */;
}
